<?xml version="1.0" encoding="utf-8"?>
<Project ToolsVersion="4.0" xmlns="http://schemas.microsoft.com/developer/msbuild/2003">
  <ItemGroup>
    <Filter Include="Source Files">
      <UniqueIdentifier>{4FC737F1-C7A5-4376-A066-2A32D752A2FF}</UniqueIdentifier>
      <Extensions>cpp;c;cc;cxx;def;odl;idl;hpj;bat;asm;asmx</Extensions>
    </Filter>
    <Filter Include="Header Files">
      <UniqueIdentifier>{93995380-89BD-4b04-88EB-625FBE52EBFB}</UniqueIdentifier>
      <Extensions>h;hh;hpp;hxx;hm;inl;inc;xsd</Extensions>
    </Filter>
    <Filter Include="Resource Files">
      <UniqueIdentifier>{67DA6AB6-F800-4c08-8B7A-83BB121AAD01}</UniqueIdentifier>
      <Extensions>rc;ico;cur;bmp;dlg;rc2;rct;bin;rgs;gif;jpg;jpeg;jpe;resx;tiff;tif;png;wav</Extensions>
    </Filter>
  </ItemGroup>
  <ItemGroup>
    <ClCompile Include="my_gsa.cpp">
      <Filter>Source Files</Filter>
    </ClCompile>
    <ClCompile Include="my_nataf.cpp">
      <Filter>Source Files</Filter>
    </ClCompile>
    <ClCompile Include="my_readjson.cpp">
      <Filter>Source Files</Filter>
    </ClCompile>
    <ClCompile Include="main.cpp">
      <Filter>Source Files</Filter>
    </ClCompile>
    <ClCompile Include="lib_mat\ntf_stirlerr.cpp">
      <Filter>Source Files</Filter>
    </ClCompile>
    <ClCompile Include="lib_mat\ntf_strcmp.cpp">
      <Filter>Source Files</Filter>
    </ClCompile>
    <ClCompile Include="lib_mat\ntf_svd.cpp">
      <Filter>Source Files</Filter>
    </ClCompile>
    <ClCompile Include="lib_mat\ntf_wblstat.cpp">
      <Filter>Source Files</Filter>
    </ClCompile>
    <ClCompile Include="lib_mat\ntf_xaxpy.cpp">
      <Filter>Source Files</Filter>
    </ClCompile>
    <ClCompile Include="lib_mat\ntf_xnrm2.cpp">
      <Filter>Source Files</Filter>
    </ClCompile>
    <ClCompile Include="lib_mat\ntf_xrotg.cpp">
      <Filter>Source Files</Filter>
    </ClCompile>
    <ClCompile Include="lib_mat\ntf_xzgeqp3.cpp">
      <Filter>Source Files</Filter>
    </ClCompile>
    <ClCompile Include="lib_mat\rt_nonfinite.cpp">
      <Filter>Source Files</Filter>
    </ClCompile>
    <ClCompile Include="lib_mat\rtGetInf.cpp">
      <Filter>Source Files</Filter>
    </ClCompile>
    <ClCompile Include="lib_mat\rtGetNaN.cpp">
      <Filter>Source Files</Filter>
    </ClCompile>
    <ClCompile Include="lib_mat\gsa_bsxfun.cpp">
      <Filter>Source Files</Filter>
    </ClCompile>
    <ClCompile Include="lib_mat\gsa_combineVectorElements.cpp">
      <Filter>Source Files</Filter>
    </ClCompile>
    <ClCompile Include="lib_mat\gsa_eml_rand_mt19937ar_stateful.cpp">
      <Filter>Source Files</Filter>
    </ClCompile>
    <ClCompile Include="lib_mat\gsa_eml_setop.cpp">
      <Filter>Source Files</Filter>
    </ClCompile>
    <ClCompile Include="lib_mat\gsa_heapsort.cpp">
      <Filter>Source Files</Filter>
    </ClCompile>
    <ClCompile Include="lib_mat\gsa_insertionsort.cpp">
      <Filter>Source Files</Filter>
    </ClCompile>
    <ClCompile Include="lib_mat\gsa_introsort.cpp">
      <Filter>Source Files</Filter>
    </ClCompile>
    <ClCompile Include="lib_mat\gsa_mixGaussEm.cpp">
      <Filter>Source Files</Filter>
    </ClCompile>
    <ClCompile Include="lib_mat\gsa_mrdivide_helper.cpp">
      <Filter>Source Files</Filter>
    </ClCompile>
    <ClCompile Include="lib_mat\gsa_mycholcov.cpp">
      <Filter>Source Files</Filter>
    </ClCompile>
    <ClCompile Include="lib_mat\gsa_mymvnpdf.cpp">
      <Filter>Source Files</Filter>
    </ClCompile>
    <ClCompile Include="lib_mat\gsa_qrsolve.cpp">
      <Filter>Source Files</Filter>
    </ClCompile>
    <ClCompile Include="lib_mat\gsa_rand.cpp">
      <Filter>Source Files</Filter>
    </ClCompile>
    <ClCompile Include="lib_mat\gsa_runGSA.cpp">
      <Filter>Source Files</Filter>
    </ClCompile>
    <ClCompile Include="lib_mat\gsa_runGSA_data.cpp">
      <Filter>Source Files</Filter>
    </ClCompile>
    <ClCompile Include="lib_mat\gsa_runGSA_initialize.cpp">
      <Filter>Source Files</Filter>
    </ClCompile>
    <ClCompile Include="lib_mat\gsa_sparse.cpp">
      <Filter>Source Files</Filter>
    </ClCompile>
    <ClCompile Include="lib_mat\gsa_stack1.cpp">
      <Filter>Source Files</Filter>
    </ClCompile>
    <ClCompile Include="lib_mat\gsa_unique.cpp">
      <Filter>Source Files</Filter>
    </ClCompile>
    <ClCompile Include="lib_mat\gsa_vvarstd.cpp">
      <Filter>Source Files</Filter>
    </ClCompile>
    <ClCompile Include="lib_mat\gsa_xgeqp3.cpp">
      <Filter>Source Files</Filter>
    </ClCompile>
    <ClCompile Include="lib_mat\gsa_xgetrf.cpp">
      <Filter>Source Files</Filter>
    </ClCompile>
    <ClCompile Include="lib_mat\gsa_xnrm2.cpp">
      <Filter>Source Files</Filter>
    </ClCompile>
    <ClCompile Include="lib_mat\gsa_xzgeqp3.cpp">
      <Filter>Source Files</Filter>
    </ClCompile>
    <ClCompile Include="lib_mat\ntf_betaincinv.cpp">
      <Filter>Source Files</Filter>
    </ClCompile>
    <ClCompile Include="lib_mat\ntf_binodeviance.cpp">
      <Filter>Source Files</Filter>
    </ClCompile>
    <ClCompile Include="lib_mat\ntf_binopdf.cpp">
      <Filter>Source Files</Filter>
    </ClCompile>
    <ClCompile Include="lib_mat\ntf_cdf.cpp">
      <Filter>Source Files</Filter>
    </ClCompile>
    <ClCompile Include="lib_mat\ntf_chol.cpp">
      <Filter>Source Files</Filter>
    </ClCompile>
    <ClCompile Include="lib_mat\ntf_cospiAndSinpi.cpp">
      <Filter>Source Files</Filter>
    </ClCompile>
    <ClCompile Include="lib_mat\ntf_eml_rand_mt19937ar_stateful.cpp">
      <Filter>Source Files</Filter>
    </ClCompile>
    <ClCompile Include="lib_mat\ntf_ERADist.cpp">
      <Filter>Source Files</Filter>
    </ClCompile>
    <ClCompile Include="lib_mat\ntf_ERANataf.cpp">
      <Filter>Source Files</Filter>
    </ClCompile>
    <ClCompile Include="lib_mat\ntf_erfcinv.cpp">
      <Filter>Source Files</Filter>
    </ClCompile>
    <ClCompile Include="lib_mat\ntf_expm1.cpp">
      <Filter>Source Files</Filter>
    </ClCompile>
    <ClCompile Include="lib_mat\ntf_fzero.cpp">
      <Filter>Source Files</Filter>
    </ClCompile>
    <ClCompile Include="lib_mat\ntf_gamma.cpp">
      <Filter>Source Files</Filter>
    </ClCompile>
    <ClCompile Include="lib_mat\ntf_gammainc.cpp">
      <Filter>Source Files</Filter>
    </ClCompile>
    <ClCompile Include="lib_mat\ntf_gammaincinv.cpp">
      <Filter>Source Files</Filter>
    </ClCompile>
    <ClCompile Include="lib_mat\ntf_gammaln.cpp">
      <Filter>Source Files</Filter>
    </ClCompile>
    <ClCompile Include="lib_mat\ntf_gevstat.cpp">
      <Filter>Source Files</Filter>
    </ClCompile>
    <ClCompile Include="lib_mat\ntf_gpstat.cpp">
      <Filter>Source Files</Filter>
    </ClCompile>
    <ClCompile Include="lib_mat\ntf_icdf.cpp">
      <Filter>Source Files</Filter>
    </ClCompile>
    <ClCompile Include="lib_mat\ntf_inataf.cpp">
      <Filter>Source Files</Filter>
    </ClCompile>
    <ClCompile Include="lib_mat\ntf_inataf_data.cpp">
      <Filter>Source Files</Filter>
    </ClCompile>
    <ClCompile Include="lib_mat\ntf_inataf_initialize.cpp">
      <Filter>Source Files</Filter>
    </ClCompile>
    <ClCompile Include="lib_mat\ntf_inataf_rtwutil.cpp">
      <Filter>Source Files</Filter>
    </ClCompile>
    <ClCompile Include="lib_mat\ntf_mod.cpp">
      <Filter>Source Files</Filter>
    </ClCompile>
    <ClCompile Include="lib_mat\ntf_mrdivide_helper.cpp">
      <Filter>Source Files</Filter>
    </ClCompile>
    <ClCompile Include="lib_mat\ntf_mycholcov.cpp">
      <Filter>Source Files</Filter>
    </ClCompile>
    <ClCompile Include="lib_mat\ntf_nbinpdf.cpp">
      <Filter>Source Files</Filter>
    </ClCompile>
    <ClCompile Include="lib_mat\ntf_norm.cpp">
      <Filter>Source Files</Filter>
    </ClCompile>
    <ClCompile Include="lib_mat\ntf_pdf.cpp">
      <Filter>Source Files</Filter>
    </ClCompile>
    <ClCompile Include="lib_mat\ntf_rand.cpp">
      <Filter>Source Files</Filter>
    </ClCompile>
  </ItemGroup>
  <ItemGroup>
    <ClInclude Include="my_nataf.h">
      <Filter>Header Files</Filter>
    </ClInclude>
    <ClInclude Include="my_functions.h">
      <Filter>Header Files</Filter>
    </ClInclude>
    <ClInclude Include="lib_mat\ntf_stirlerr.h">
      <Filter>Header Files</Filter>
    </ClInclude>
    <ClInclude Include="lib_mat\ntf_strcmp.h">
      <Filter>Header Files</Filter>
    </ClInclude>
    <ClInclude Include="lib_mat\ntf_svd.h">
      <Filter>Header Files</Filter>
    </ClInclude>
    <ClInclude Include="lib_mat\ntf_wblstat.h">
      <Filter>Header Files</Filter>
    </ClInclude>
    <ClInclude Include="lib_mat\ntf_xaxpy.h">
      <Filter>Header Files</Filter>
    </ClInclude>
    <ClInclude Include="lib_mat\ntf_xnrm2.h">
      <Filter>Header Files</Filter>
    </ClInclude>
    <ClInclude Include="lib_mat\ntf_xrotg.h">
      <Filter>Header Files</Filter>
    </ClInclude>
    <ClInclude Include="lib_mat\ntf_xzgeqp3.h">
      <Filter>Header Files</Filter>
    </ClInclude>
    <ClInclude Include="lib_mat\rt_nonfinite.h">
      <Filter>Header Files</Filter>
    </ClInclude>
    <ClInclude Include="lib_mat\rtGetInf.h">
      <Filter>Header Files</Filter>
    </ClInclude>
    <ClInclude Include="lib_mat\rtGetNaN.h">
      <Filter>Header Files</Filter>
    </ClInclude>
    <ClInclude Include="lib_mat\rtwtypes.h">
      <Filter>Header Files</Filter>
    </ClInclude>
    <ClInclude Include="lib_mat\tmwtypes.h">
      <Filter>Header Files</Filter>
    </ClInclude>
    <ClInclude Include="lib_mat\coder_array.h">
      <Filter>Header Files</Filter>
    </ClInclude>
    <ClInclude Include="lib_mat\gsa_bsxfun.h">
      <Filter>Header Files</Filter>
    </ClInclude>
    <ClInclude Include="lib_mat\gsa_combineVectorElements.h">
      <Filter>Header Files</Filter>
    </ClInclude>
    <ClInclude Include="lib_mat\gsa_eml_rand_mt19937ar_stateful.h">
      <Filter>Header Files</Filter>
    </ClInclude>
    <ClInclude Include="lib_mat\gsa_eml_setop.h">
      <Filter>Header Files</Filter>
    </ClInclude>
    <ClInclude Include="lib_mat\gsa_heapsort.h">
      <Filter>Header Files</Filter>
    </ClInclude>
    <ClInclude Include="lib_mat\gsa_insertionsort.h">
      <Filter>Header Files</Filter>
    </ClInclude>
    <ClInclude Include="lib_mat\gsa_introsort.h">
      <Filter>Header Files</Filter>
    </ClInclude>
    <ClInclude Include="lib_mat\gsa_mixGaussEm.h">
      <Filter>Header Files</Filter>
    </ClInclude>
    <ClInclude Include="lib_mat\gsa_mrdivide_helper.h">
      <Filter>Header Files</Filter>
    </ClInclude>
    <ClInclude Include="lib_mat\gsa_mycholcov.h">
      <Filter>Header Files</Filter>
    </ClInclude>
    <ClInclude Include="lib_mat\gsa_mymvnpdf.h">
      <Filter>Header Files</Filter>
    </ClInclude>
    <ClInclude Include="lib_mat\gsa_qrsolve.h">
      <Filter>Header Files</Filter>
    </ClInclude>
    <ClInclude Include="lib_mat\gsa_rand.h">
      <Filter>Header Files</Filter>
    </ClInclude>
    <ClInclude Include="lib_mat\gsa_runGSA.h">
      <Filter>Header Files</Filter>
    </ClInclude>
    <ClInclude Include="lib_mat\gsa_runGSA_data.h">
      <Filter>Header Files</Filter>
    </ClInclude>
    <ClInclude Include="lib_mat\gsa_runGSA_initialize.h">
      <Filter>Header Files</Filter>
    </ClInclude>
    <ClInclude Include="lib_mat\gsa_runGSA_types.h">
      <Filter>Header Files</Filter>
    </ClInclude>
    <ClInclude Include="lib_mat\gsa_sparse.h">
      <Filter>Header Files</Filter>
    </ClInclude>
    <ClInclude Include="lib_mat\gsa_stack1.h">
      <Filter>Header Files</Filter>
    </ClInclude>
    <ClInclude Include="lib_mat\gsa_unique.h">
      <Filter>Header Files</Filter>
    </ClInclude>
    <ClInclude Include="lib_mat\gsa_vvarstd.h">
      <Filter>Header Files</Filter>
    </ClInclude>
    <ClInclude Include="lib_mat\gsa_xgeqp3.h">
      <Filter>Header Files</Filter>
    </ClInclude>
    <ClInclude Include="lib_mat\gsa_xgetrf.h">
      <Filter>Header Files</Filter>
    </ClInclude>
    <ClInclude Include="lib_mat\gsa_xnrm2.h">
      <Filter>Header Files</Filter>
    </ClInclude>
    <ClInclude Include="lib_mat\gsa_xzgeqp3.h">
      <Filter>Header Files</Filter>
    </ClInclude>
    <ClInclude Include="lib_mat\ntf_betaincinv.h">
      <Filter>Header Files</Filter>
    </ClInclude>
    <ClInclude Include="lib_mat\ntf_binodeviance.h">
      <Filter>Header Files</Filter>
    </ClInclude>
    <ClInclude Include="lib_mat\ntf_binopdf.h">
      <Filter>Header Files</Filter>
    </ClInclude>
    <ClInclude Include="lib_mat\ntf_cdf.h">
      <Filter>Header Files</Filter>
    </ClInclude>
    <ClInclude Include="lib_mat\ntf_chol.h">
      <Filter>Header Files</Filter>
    </ClInclude>
    <ClInclude Include="lib_mat\ntf_cospiAndSinpi.h">
      <Filter>Header Files</Filter>
    </ClInclude>
    <ClInclude Include="lib_mat\ntf_eml_rand_mt19937ar_stateful.h">
      <Filter>Header Files</Filter>
    </ClInclude>
    <ClInclude Include="lib_mat\ntf_ERADist.h">
      <Filter>Header Files</Filter>
    </ClInclude>
    <ClInclude Include="lib_mat\ntf_ERANataf.h">
      <Filter>Header Files</Filter>
    </ClInclude>
    <ClInclude Include="lib_mat\ntf_erfcinv.h">
      <Filter>Header Files</Filter>
    </ClInclude>
    <ClInclude Include="lib_mat\ntf_expm1.h">
      <Filter>Header Files</Filter>
    </ClInclude>
    <ClInclude Include="lib_mat\ntf_fzero.h">
      <Filter>Header Files</Filter>
    </ClInclude>
    <ClInclude Include="lib_mat\ntf_gamma.h">
      <Filter>Header Files</Filter>
    </ClInclude>
    <ClInclude Include="lib_mat\ntf_gammainc.h">
      <Filter>Header Files</Filter>
    </ClInclude>
    <ClInclude Include="lib_mat\ntf_gammaincinv.h">
      <Filter>Header Files</Filter>
    </ClInclude>
    <ClInclude Include="lib_mat\ntf_gammaln.h">
      <Filter>Header Files</Filter>
    </ClInclude>
    <ClInclude Include="lib_mat\ntf_gevstat.h">
      <Filter>Header Files</Filter>
    </ClInclude>
    <ClInclude Include="lib_mat\ntf_gpstat.h">
      <Filter>Header Files</Filter>
    </ClInclude>
    <ClInclude Include="lib_mat\ntf_icdf.h">
      <Filter>Header Files</Filter>
    </ClInclude>
    <ClInclude Include="lib_mat\ntf_inataf.h">
      <Filter>Header Files</Filter>
    </ClInclude>
    <ClInclude Include="lib_mat\ntf_inataf_data.h">
      <Filter>Header Files</Filter>
    </ClInclude>
    <ClInclude Include="lib_mat\ntf_inataf_initialize.h">
      <Filter>Header Files</Filter>
    </ClInclude>
    <ClInclude Include="lib_mat\ntf_inataf_rtwutil.h">
      <Filter>Header Files</Filter>
    </ClInclude>
    <ClInclude Include="lib_mat\ntf_inataf_types.h">
      <Filter>Header Files</Filter>
    </ClInclude>
    <ClInclude Include="lib_mat\ntf_mod.h">
      <Filter>Header Files</Filter>
    </ClInclude>
    <ClInclude Include="lib_mat\ntf_mrdivide_helper.h">
      <Filter>Header Files</Filter>
    </ClInclude>
    <ClInclude Include="lib_mat\ntf_mycholcov.h">
      <Filter>Header Files</Filter>
    </ClInclude>
    <ClInclude Include="lib_mat\ntf_nbinpdf.h">
      <Filter>Header Files</Filter>
    </ClInclude>
    <ClInclude Include="lib_mat\ntf_norm.h">
      <Filter>Header Files</Filter>
    </ClInclude>
    <ClInclude Include="lib_mat\ntf_pdf.h">
      <Filter>Header Files</Filter>
    </ClInclude>
    <ClInclude Include="lib_mat\ntf_rand.h">
      <Filter>Header Files</Filter>
    </ClInclude>
  </ItemGroup>
</Project>